
Microsoft Visual Studio Solution File, Format Version 12.00
# Visual Studio Version 16
VisualStudioVersion = 16.0.33423.256
MinimumVisualStudioVersion = 10.0.40219.1
Project("{FAE04EC0-301F-11D3-BF4B-00C04F79EFBC}") = "CalculadoraWindowsForm", "CalculadoraWindowsForm\CalculadoraWindowsForm.csproj", "{269DEEDB-C491-43C2-A6D7-794C3BE254EB}"
EndProject
Global
	GlobalSection(SolutionConfigurationPlatforms) = preSolution
		Debug|Any CPU = Debug|Any CPU
		Release|Any CPU = Release|Any CPU
	EndGlobalSection
	GlobalSection(ProjectConfigurationPlatforms) = postSolution
		{269DEEDB-C491-43C2-A6D7-794C3BE254EB}.Debug|Any CPU.ActiveCfg = Debug|Any CPU
		{269DEEDB-C491-43C2-A6D7-794C3BE254EB}.Debug|Any CPU.Build.0 = Debug|Any CPU
		{269DEEDB-C491-43C2-A6D7-794C3BE254EB}.Release|Any CPU.ActiveCfg = Release|Any CPU
		{269DEEDB-C491-43C2-A6D7-794C3BE254EB}.Release|Any CPU.Build.0 = Release|Any CPU
	EndGlobalSection
	GlobalSection(SolutionProperties) = preSolution
		HideSolutionNode = FALSE
	EndGlobalSection
	GlobalSection(ExtensibilityGlobals) = postSolution
		SolutionGuid = {32C6DBC2-319B-4017-A1AD-AEF108054753}
	EndGlobalSection
EndGlobal
